// !$*UTF8*$!
{
	archiveVersion = 1;
	classes = {
	};
	objectVersion = 51;
	objects = {

/* Begin PBXBuildFile section */
		0369EFDD242D05EF00430EB1 /* ChecklistViewController.swift in Sources */ = {isa = PBXBuildFile; fileRef = 0369EFDC242D05EF00430EB1 /* ChecklistViewController.swift */; };
		0369EFDF242D067B00430EB1 /* MySimulationsViewController.swift in Sources */ = {isa = PBXBuildFile; fileRef = 0369EFDE242D067B00430EB1 /* MySimulationsViewController.swift */; };
		039AAE09243343AA009B23DC /* Simulation.swift in Sources */ = {isa = PBXBuildFile; fileRef = 039AAE08243343AA009B23DC /* Simulation.swift */; };
		03A6B2A124275C2B003F953E /* CreditViewController.swift in Sources */ = {isa = PBXBuildFile; fileRef = 03A6B2A024275C2B003F953E /* CreditViewController.swift */; };
		03A6B2A3242760D4003F953E /* Extensions.swift in Sources */ = {isa = PBXBuildFile; fileRef = 03A6B2A2242760D4003F953E /* Extensions.swift */; };
		03A6B2A52427B778003F953E /* ResultCreditViewController.swift in Sources */ = {isa = PBXBuildFile; fileRef = 03A6B2A42427B778003F953E /* ResultCreditViewController.swift */; };
		03A6B2A72427C332003F953E /* ResultView.swift in Sources */ = {isa = PBXBuildFile; fileRef = 03A6B2A62427C332003F953E /* ResultView.swift */; };
		03A6B2A9242A89CF003F953E /* RentabilityCalculator.swift in Sources */ = {isa = PBXBuildFile; fileRef = 03A6B2A8242A89CF003F953E /* RentabilityCalculator.swift */; };
		03A6B2AB242BB34D003F953E /* CreditCalculator.swift in Sources */ = {isa = PBXBuildFile; fileRef = 03A6B2AA242BB34D003F953E /* CreditCalculator.swift */; };
		03DF5180242E00280040D97D /* CustomPickerView.swift in Sources */ = {isa = PBXBuildFile; fileRef = 03DF517F242E00280040D97D /* CustomPickerView.swift */; };
		03DF51822431EB9F0040D97D /* InfoViewController.swift in Sources */ = {isa = PBXBuildFile; fileRef = 03DF51812431EB9F0040D97D /* InfoViewController.swift */; };
		03E4A97F2423BE74002404C3 /* AppDelegate.swift in Sources */ = {isa = PBXBuildFile; fileRef = 03E4A97E2423BE74002404C3 /* AppDelegate.swift */; };
		03E4A9862423BE74002404C3 /* Main.storyboard in Resources */ = {isa = PBXBuildFile; fileRef = 03E4A9842423BE74002404C3 /* Main.storyboard */; };
		03E4A9892423BE74002404C3 /* Invest_Immo.xcdatamodeld in Sources */ = {isa = PBXBuildFile; fileRef = 03E4A9872423BE74002404C3 /* Invest_Immo.xcdatamodeld */; };
		03E4A98B2423BE75002404C3 /* Assets.xcassets in Resources */ = {isa = PBXBuildFile; fileRef = 03E4A98A2423BE75002404C3 /* Assets.xcassets */; };
		03E4A98E2423BE75002404C3 /* LaunchScreen.storyboard in Resources */ = {isa = PBXBuildFile; fileRef = 03E4A98C2423BE75002404C3 /* LaunchScreen.storyboard */; };
		03E4A9992423BE75002404C3 /* Invest_ImmoTests.swift in Sources */ = {isa = PBXBuildFile; fileRef = 03E4A9982423BE75002404C3 /* Invest_ImmoTests.swift */; };
		03E4A9A42423BE75002404C3 /* Invest_ImmoUITests.swift in Sources */ = {isa = PBXBuildFile; fileRef = 03E4A9A32423BE75002404C3 /* Invest_ImmoUITests.swift */; };
		03E4A9B52423C44B002404C3 /* HomeViewController.swift in Sources */ = {isa = PBXBuildFile; fileRef = 03E4A9B42423C44B002404C3 /* HomeViewController.swift */; };
		03E4A9B72423C5DE002404C3 /* PoetsenOne-Regular.ttf in Resources */ = {isa = PBXBuildFile; fileRef = 03E4A9B62423C5DD002404C3 /* PoetsenOne-Regular.ttf */; };
		03E4A9B92423CCF1002404C3 /* SceneDelegate.swift in Sources */ = {isa = PBXBuildFile; fileRef = 03E4A9B82423CCF1002404C3 /* SceneDelegate.swift */; };
		03E4A9BE24266845002404C3 /* ButtonsView.swift in Sources */ = {isa = PBXBuildFile; fileRef = 03E4A9BD24266845002404C3 /* ButtonsView.swift */; };
		03E4A9C0242669EC002404C3 /* TextFieldView.swift in Sources */ = {isa = PBXBuildFile; fileRef = 03E4A9BF242669EC002404C3 /* TextFieldView.swift */; };
		03E4A9C224267129002404C3 /* ResultRentabilityViewController.swift in Sources */ = {isa = PBXBuildFile; fileRef = 03E4A9C124267129002404C3 /* ResultRentabilityViewController.swift */; };
		03E4A9C824268D7D002404C3 /* RentabilityViewController.swift in Sources */ = {isa = PBXBuildFile; fileRef = 03E4A9C724268D7D002404C3 /* RentabilityViewController.swift */; };
		4CAD1FA7ED51C21DEBB993C4 /* Pods_InvestImmoTests.framework in Frameworks */ = {isa = PBXBuildFile; fileRef = 6FBBF91459E8C0820A0AB743 /* Pods_InvestImmoTests.framework */; };
		AA4F9EEED3649B8F9F0CB7B7 /* Pods_InvestImmoUITests.framework in Frameworks */ = {isa = PBXBuildFile; fileRef = 9DA52A1A732F4B83C0B4A647 /* Pods_InvestImmoUITests.framework */; };
		D3AB97EBFF831A257A96696A /* Pods_InvestImmo.framework in Frameworks */ = {isa = PBXBuildFile; fileRef = 4B44CEF608632E8BB6143EF6 /* Pods_InvestImmo.framework */; };
/* End PBXBuildFile section */

/* Begin PBXContainerItemProxy section */
		03E4A9952423BE75002404C3 /* PBXContainerItemProxy */ = {
			isa = PBXContainerItemProxy;
			containerPortal = 03E4A9732423BE74002404C3 /* Project object */;
			proxyType = 1;
			remoteGlobalIDString = 03E4A97A2423BE74002404C3;
			remoteInfo = "Invest'Immo";
		};
		03E4A9A02423BE75002404C3 /* PBXContainerItemProxy */ = {
			isa = PBXContainerItemProxy;
			containerPortal = 03E4A9732423BE74002404C3 /* Project object */;
			proxyType = 1;
			remoteGlobalIDString = 03E4A97A2423BE74002404C3;
			remoteInfo = "Invest'Immo";
		};
/* End PBXContainerItemProxy section */

/* Begin PBXFileReference section */
		0369EFDC242D05EF00430EB1 /* ChecklistViewController.swift */ = {isa = PBXFileReference; lastKnownFileType = sourcecode.swift; path = ChecklistViewController.swift; sourceTree = "<group>"; };
		0369EFDE242D067B00430EB1 /* MySimulationsViewController.swift */ = {isa = PBXFileReference; lastKnownFileType = sourcecode.swift; path = MySimulationsViewController.swift; sourceTree = "<group>"; };
		039AAE08243343AA009B23DC /* Simulation.swift */ = {isa = PBXFileReference; lastKnownFileType = sourcecode.swift; path = Simulation.swift; sourceTree = "<group>"; };
		03A6B2A024275C2B003F953E /* CreditViewController.swift */ = {isa = PBXFileReference; lastKnownFileType = sourcecode.swift; path = CreditViewController.swift; sourceTree = "<group>"; };
		03A6B2A2242760D4003F953E /* Extensions.swift */ = {isa = PBXFileReference; lastKnownFileType = sourcecode.swift; path = Extensions.swift; sourceTree = "<group>"; };
		03A6B2A42427B778003F953E /* ResultCreditViewController.swift */ = {isa = PBXFileReference; lastKnownFileType = sourcecode.swift; path = ResultCreditViewController.swift; sourceTree = "<group>"; };
		03A6B2A62427C332003F953E /* ResultView.swift */ = {isa = PBXFileReference; lastKnownFileType = sourcecode.swift; path = ResultView.swift; sourceTree = "<group>"; };
		03A6B2A8242A89CF003F953E /* RentabilityCalculator.swift */ = {isa = PBXFileReference; lastKnownFileType = sourcecode.swift; path = RentabilityCalculator.swift; sourceTree = "<group>"; };
		03A6B2AA242BB34D003F953E /* CreditCalculator.swift */ = {isa = PBXFileReference; lastKnownFileType = sourcecode.swift; path = CreditCalculator.swift; sourceTree = "<group>"; };
		03DF517F242E00280040D97D /* CustomPickerView.swift */ = {isa = PBXFileReference; lastKnownFileType = sourcecode.swift; path = CustomPickerView.swift; sourceTree = "<group>"; };
		03DF51812431EB9F0040D97D /* InfoViewController.swift */ = {isa = PBXFileReference; lastKnownFileType = sourcecode.swift; path = InfoViewController.swift; sourceTree = "<group>"; };
		03E4A97B2423BE74002404C3 /* InvestImmo.app */ = {isa = PBXFileReference; explicitFileType = wrapper.application; includeInIndex = 0; path = InvestImmo.app; sourceTree = BUILT_PRODUCTS_DIR; };
		03E4A97E2423BE74002404C3 /* AppDelegate.swift */ = {isa = PBXFileReference; lastKnownFileType = sourcecode.swift; path = AppDelegate.swift; sourceTree = "<group>"; };
		03E4A9852423BE74002404C3 /* Base */ = {isa = PBXFileReference; lastKnownFileType = file.storyboard; name = Base; path = Base.lproj/Main.storyboard; sourceTree = "<group>"; };
		03E4A9882423BE74002404C3 /* Invest_Immo.xcdatamodel */ = {isa = PBXFileReference; lastKnownFileType = wrapper.xcdatamodel; path = Invest_Immo.xcdatamodel; sourceTree = "<group>"; };
		03E4A98A2423BE75002404C3 /* Assets.xcassets */ = {isa = PBXFileReference; lastKnownFileType = folder.assetcatalog; path = Assets.xcassets; sourceTree = "<group>"; };
		03E4A98D2423BE75002404C3 /* Base */ = {isa = PBXFileReference; lastKnownFileType = file.storyboard; name = Base; path = Base.lproj/LaunchScreen.storyboard; sourceTree = "<group>"; };
		03E4A98F2423BE75002404C3 /* Info.plist */ = {isa = PBXFileReference; lastKnownFileType = text.plist.xml; path = Info.plist; sourceTree = "<group>"; };
		03E4A9942423BE75002404C3 /* InvestImmoTests.xctest */ = {isa = PBXFileReference; explicitFileType = wrapper.cfbundle; includeInIndex = 0; path = InvestImmoTests.xctest; sourceTree = BUILT_PRODUCTS_DIR; };
		03E4A9982423BE75002404C3 /* Invest_ImmoTests.swift */ = {isa = PBXFileReference; lastKnownFileType = sourcecode.swift; path = Invest_ImmoTests.swift; sourceTree = "<group>"; };
		03E4A99A2423BE75002404C3 /* Info.plist */ = {isa = PBXFileReference; lastKnownFileType = text.plist.xml; path = Info.plist; sourceTree = "<group>"; };
		03E4A99F2423BE75002404C3 /* InvestImmoUITests.xctest */ = {isa = PBXFileReference; explicitFileType = wrapper.cfbundle; includeInIndex = 0; path = InvestImmoUITests.xctest; sourceTree = BUILT_PRODUCTS_DIR; };
		03E4A9A32423BE75002404C3 /* Invest_ImmoUITests.swift */ = {isa = PBXFileReference; lastKnownFileType = sourcecode.swift; path = Invest_ImmoUITests.swift; sourceTree = "<group>"; };
		03E4A9A52423BE75002404C3 /* Info.plist */ = {isa = PBXFileReference; lastKnownFileType = text.plist.xml; path = Info.plist; sourceTree = "<group>"; };
		03E4A9B42423C44B002404C3 /* HomeViewController.swift */ = {isa = PBXFileReference; lastKnownFileType = sourcecode.swift; path = HomeViewController.swift; sourceTree = "<group>"; };
		03E4A9B62423C5DD002404C3 /* PoetsenOne-Regular.ttf */ = {isa = PBXFileReference; lastKnownFileType = file; path = "PoetsenOne-Regular.ttf"; sourceTree = "<group>"; };
		03E4A9B82423CCF1002404C3 /* SceneDelegate.swift */ = {isa = PBXFileReference; fileEncoding = 4; lastKnownFileType = sourcecode.swift; path = SceneDelegate.swift; sourceTree = "<group>"; };
		03E4A9BC2423EE3C002404C3 /* Antipasto-Pro-Regular-trial.ttf */ = {isa = PBXFileReference; lastKnownFileType = file; path = "Antipasto-Pro-Regular-trial.ttf"; sourceTree = "<group>"; };
		03E4A9BD24266845002404C3 /* ButtonsView.swift */ = {isa = PBXFileReference; lastKnownFileType = sourcecode.swift; path = ButtonsView.swift; sourceTree = "<group>"; };
		03E4A9BF242669EC002404C3 /* TextFieldView.swift */ = {isa = PBXFileReference; lastKnownFileType = sourcecode.swift; path = TextFieldView.swift; sourceTree = "<group>"; };
		03E4A9C124267129002404C3 /* ResultRentabilityViewController.swift */ = {isa = PBXFileReference; lastKnownFileType = sourcecode.swift; path = ResultRentabilityViewController.swift; sourceTree = "<group>"; };
		03E4A9C724268D7D002404C3 /* RentabilityViewController.swift */ = {isa = PBXFileReference; lastKnownFileType = sourcecode.swift; path = RentabilityViewController.swift; sourceTree = "<group>"; };
		0D1A41523D8D95D1BE83DAC4 /* Pods-InvestImmo.release.xcconfig */ = {isa = PBXFileReference; includeInIndex = 1; lastKnownFileType = text.xcconfig; name = "Pods-InvestImmo.release.xcconfig"; path = "Target Support Files/Pods-InvestImmo/Pods-InvestImmo.release.xcconfig"; sourceTree = "<group>"; };
		4B44CEF608632E8BB6143EF6 /* Pods_InvestImmo.framework */ = {isa = PBXFileReference; explicitFileType = wrapper.framework; includeInIndex = 0; path = Pods_InvestImmo.framework; sourceTree = BUILT_PRODUCTS_DIR; };
		503548EB8B2C0F5B7578AD61 /* Pods-InvestImmoUITests.debug.xcconfig */ = {isa = PBXFileReference; includeInIndex = 1; lastKnownFileType = text.xcconfig; name = "Pods-InvestImmoUITests.debug.xcconfig"; path = "Target Support Files/Pods-InvestImmoUITests/Pods-InvestImmoUITests.debug.xcconfig"; sourceTree = "<group>"; };
		55F8B1D3379E1D55E2D0F299 /* Pods-InvestImmoTests.debug.xcconfig */ = {isa = PBXFileReference; includeInIndex = 1; lastKnownFileType = text.xcconfig; name = "Pods-InvestImmoTests.debug.xcconfig"; path = "Target Support Files/Pods-InvestImmoTests/Pods-InvestImmoTests.debug.xcconfig"; sourceTree = "<group>"; };
		6FBBF91459E8C0820A0AB743 /* Pods_InvestImmoTests.framework */ = {isa = PBXFileReference; explicitFileType = wrapper.framework; includeInIndex = 0; path = Pods_InvestImmoTests.framework; sourceTree = BUILT_PRODUCTS_DIR; };
		9DA52A1A732F4B83C0B4A647 /* Pods_InvestImmoUITests.framework */ = {isa = PBXFileReference; explicitFileType = wrapper.framework; includeInIndex = 0; path = Pods_InvestImmoUITests.framework; sourceTree = BUILT_PRODUCTS_DIR; };
		C084EDC8FF271FCCA2F42A44 /* Pods-InvestImmo.debug.xcconfig */ = {isa = PBXFileReference; includeInIndex = 1; lastKnownFileType = text.xcconfig; name = "Pods-InvestImmo.debug.xcconfig"; path = "Target Support Files/Pods-InvestImmo/Pods-InvestImmo.debug.xcconfig"; sourceTree = "<group>"; };
		C21660D9AA564C6860A90E32 /* Pods-InvestImmoUITests.release.xcconfig */ = {isa = PBXFileReference; includeInIndex = 1; lastKnownFileType = text.xcconfig; name = "Pods-InvestImmoUITests.release.xcconfig"; path = "Target Support Files/Pods-InvestImmoUITests/Pods-InvestImmoUITests.release.xcconfig"; sourceTree = "<group>"; };
		FBE8190BD05C4D60FAC78226 /* Pods-InvestImmoTests.release.xcconfig */ = {isa = PBXFileReference; includeInIndex = 1; lastKnownFileType = text.xcconfig; name = "Pods-InvestImmoTests.release.xcconfig"; path = "Target Support Files/Pods-InvestImmoTests/Pods-InvestImmoTests.release.xcconfig"; sourceTree = "<group>"; };
/* End PBXFileReference section */

/* Begin PBXFrameworksBuildPhase section */
		03E4A9782423BE74002404C3 /* Frameworks */ = {
			isa = PBXFrameworksBuildPhase;
			buildActionMask = 2147483647;
			files = (
				D3AB97EBFF831A257A96696A /* Pods_InvestImmo.framework in Frameworks */,
			);
			runOnlyForDeploymentPostprocessing = 0;
		};
		03E4A9912423BE75002404C3 /* Frameworks */ = {
			isa = PBXFrameworksBuildPhase;
			buildActionMask = 2147483647;
			files = (
				4CAD1FA7ED51C21DEBB993C4 /* Pods_InvestImmoTests.framework in Frameworks */,
			);
			runOnlyForDeploymentPostprocessing = 0;
		};
		03E4A99C2423BE75002404C3 /* Frameworks */ = {
			isa = PBXFrameworksBuildPhase;
			buildActionMask = 2147483647;
			files = (
				AA4F9EEED3649B8F9F0CB7B7 /* Pods_InvestImmoUITests.framework in Frameworks */,
			);
			runOnlyForDeploymentPostprocessing = 0;
		};
/* End PBXFrameworksBuildPhase section */

/* Begin PBXGroup section */
		03E4A9722423BE74002404C3 = {
			isa = PBXGroup;
			children = (
				03E4A97D2423BE74002404C3 /* InvestImmo */,
				03E4A9972423BE75002404C3 /* InvestImmoTests */,
				03E4A9A22423BE75002404C3 /* InvestImmoUITests */,
				03E4A97C2423BE74002404C3 /* Products */,
				A3110214E302F8B63703EDB5 /* Pods */,
				684DC724B24CBD6EA8AE64AA /* Frameworks */,
			);
			sourceTree = "<group>";
		};
		03E4A97C2423BE74002404C3 /* Products */ = {
			isa = PBXGroup;
			children = (
				03E4A97B2423BE74002404C3 /* InvestImmo.app */,
				03E4A9942423BE75002404C3 /* InvestImmoTests.xctest */,
				03E4A99F2423BE75002404C3 /* InvestImmoUITests.xctest */,
			);
			name = Products;
			sourceTree = "<group>";
		};
		03E4A97D2423BE74002404C3 /* InvestImmo */ = {
			isa = PBXGroup;
			children = (
				03E4A98A2423BE75002404C3 /* Assets.xcassets */,
				03E4A97E2423BE74002404C3 /* AppDelegate.swift */,
				03E4A9B82423CCF1002404C3 /* SceneDelegate.swift */,
				03E4A98F2423BE75002404C3 /* Info.plist */,
				03E4A9872423BE74002404C3 /* Invest_Immo.xcdatamodeld */,
				03E4A9B62423C5DD002404C3 /* PoetsenOne-Regular.ttf */,
				03E4A9BC2423EE3C002404C3 /* Antipasto-Pro-Regular-trial.ttf */,
				03E4A9B32423BEA0002404C3 /* Controller */,
				03E4A9B22423BE97002404C3 /* View */,
				03E4A9B12423BE8F002404C3 /* Model */,
			);
			path = InvestImmo;
			sourceTree = "<group>";
		};
		03E4A9972423BE75002404C3 /* InvestImmoTests */ = {
			isa = PBXGroup;
			children = (
				03E4A9982423BE75002404C3 /* Invest_ImmoTests.swift */,
				03E4A99A2423BE75002404C3 /* Info.plist */,
			);
			path = InvestImmoTests;
			sourceTree = "<group>";
		};
		03E4A9A22423BE75002404C3 /* InvestImmoUITests */ = {
			isa = PBXGroup;
			children = (
				03E4A9A32423BE75002404C3 /* Invest_ImmoUITests.swift */,
				03E4A9A52423BE75002404C3 /* Info.plist */,
			);
			path = InvestImmoUITests;
			sourceTree = "<group>";
		};
		03E4A9B12423BE8F002404C3 /* Model */ = {
			isa = PBXGroup;
			children = (
				03A6B2A8242A89CF003F953E /* RentabilityCalculator.swift */,
				03A6B2AA242BB34D003F953E /* CreditCalculator.swift */,
				039AAE08243343AA009B23DC /* Simulation.swift */,
			);
			path = Model;
			sourceTree = "<group>";
		};
		03E4A9B22423BE97002404C3 /* View */ = {
			isa = PBXGroup;
			children = (
				03E4A9842423BE74002404C3 /* Main.storyboard */,
				03E4A98C2423BE75002404C3 /* LaunchScreen.storyboard */,
				03E4A9BD24266845002404C3 /* ButtonsView.swift */,
				03A6B2A62427C332003F953E /* ResultView.swift */,
				03E4A9BF242669EC002404C3 /* TextFieldView.swift */,
				03DF517F242E00280040D97D /* CustomPickerView.swift */,
				03A6B2A2242760D4003F953E /* Extensions.swift */,
			);
			path = View;
			sourceTree = "<group>";
		};
		03E4A9B32423BEA0002404C3 /* Controller */ = {
			isa = PBXGroup;
			children = (
				03E4A9B42423C44B002404C3 /* HomeViewController.swift */,
				03E4A9C724268D7D002404C3 /* RentabilityViewController.swift */,
				03E4A9C124267129002404C3 /* ResultRentabilityViewController.swift */,
				03A6B2A024275C2B003F953E /* CreditViewController.swift */,
				03A6B2A42427B778003F953E /* ResultCreditViewController.swift */,
				0369EFDC242D05EF00430EB1 /* ChecklistViewController.swift */,
				0369EFDE242D067B00430EB1 /* MySimulationsViewController.swift */,
				03DF51812431EB9F0040D97D /* InfoViewController.swift */,
			);
			path = Controller;
			sourceTree = "<group>";
		};
		684DC724B24CBD6EA8AE64AA /* Frameworks */ = {
			isa = PBXGroup;
			children = (
				4B44CEF608632E8BB6143EF6 /* Pods_InvestImmo.framework */,
				6FBBF91459E8C0820A0AB743 /* Pods_InvestImmoTests.framework */,
				9DA52A1A732F4B83C0B4A647 /* Pods_InvestImmoUITests.framework */,
			);
			name = Frameworks;
			sourceTree = "<group>";
		};
		A3110214E302F8B63703EDB5 /* Pods */ = {
			isa = PBXGroup;
			children = (
				C084EDC8FF271FCCA2F42A44 /* Pods-InvestImmo.debug.xcconfig */,
				0D1A41523D8D95D1BE83DAC4 /* Pods-InvestImmo.release.xcconfig */,
				55F8B1D3379E1D55E2D0F299 /* Pods-InvestImmoTests.debug.xcconfig */,
				FBE8190BD05C4D60FAC78226 /* Pods-InvestImmoTests.release.xcconfig */,
				503548EB8B2C0F5B7578AD61 /* Pods-InvestImmoUITests.debug.xcconfig */,
				C21660D9AA564C6860A90E32 /* Pods-InvestImmoUITests.release.xcconfig */,
			);
			path = Pods;
			sourceTree = "<group>";
		};
/* End PBXGroup section */

/* Begin PBXNativeTarget section */
		03E4A97A2423BE74002404C3 /* InvestImmo */ = {
			isa = PBXNativeTarget;
			buildConfigurationList = 03E4A9A82423BE75002404C3 /* Build configuration list for PBXNativeTarget "InvestImmo" */;
			buildPhases = (
				69C7AB3305CF1F50E08B439F /* [CP] Check Pods Manifest.lock */,
				03E4A9772423BE74002404C3 /* Sources */,
				03E4A9782423BE74002404C3 /* Frameworks */,
				03E4A9792423BE74002404C3 /* Resources */,
				624098718760AF085D2542D2 /* [CP] Embed Pods Frameworks */,
			);
			buildRules = (
			);
			dependencies = (
			);
			name = InvestImmo;
			productName = "Invest'Immo";
			productReference = 03E4A97B2423BE74002404C3 /* InvestImmo.app */;
			productType = "com.apple.product-type.application";
		};
		03E4A9932423BE75002404C3 /* InvestImmoTests */ = {
			isa = PBXNativeTarget;
			buildConfigurationList = 03E4A9AB2423BE75002404C3 /* Build configuration list for PBXNativeTarget "InvestImmoTests" */;
			buildPhases = (
				CE64E1AA5DB743AF9723FE0A /* [CP] Check Pods Manifest.lock */,
				03E4A9902423BE75002404C3 /* Sources */,
				03E4A9912423BE75002404C3 /* Frameworks */,
				03E4A9922423BE75002404C3 /* Resources */,
				7261AEA8D4DBDBD914E2F4B3 /* [CP] Embed Pods Frameworks */,
			);
			buildRules = (
			);
			dependencies = (
				03E4A9962423BE75002404C3 /* PBXTargetDependency */,
			);
			name = InvestImmoTests;
			productName = "Invest'ImmoTests";
			productReference = 03E4A9942423BE75002404C3 /* InvestImmoTests.xctest */;
			productType = "com.apple.product-type.bundle.unit-test";
		};
		03E4A99E2423BE75002404C3 /* InvestImmoUITests */ = {
			isa = PBXNativeTarget;
			buildConfigurationList = 03E4A9AE2423BE75002404C3 /* Build configuration list for PBXNativeTarget "InvestImmoUITests" */;
			buildPhases = (
				C78912406614218B2E6ABB8E /* [CP] Check Pods Manifest.lock */,
				03E4A99B2423BE75002404C3 /* Sources */,
				03E4A99C2423BE75002404C3 /* Frameworks */,
				03E4A99D2423BE75002404C3 /* Resources */,
			);
			buildRules = (
			);
			dependencies = (
				03E4A9A12423BE75002404C3 /* PBXTargetDependency */,
			);
			name = InvestImmoUITests;
			productName = "Invest'ImmoUITests";
			productReference = 03E4A99F2423BE75002404C3 /* InvestImmoUITests.xctest */;
			productType = "com.apple.product-type.bundle.ui-testing";
		};
/* End PBXNativeTarget section */

/* Begin PBXProject section */
		03E4A9732423BE74002404C3 /* Project object */ = {
			isa = PBXProject;
			attributes = {
				LastSwiftUpdateCheck = 1130;
				LastUpgradeCheck = 1130;
				ORGANIZATIONNAME = "Nicolas Lion";
				TargetAttributes = {
					03E4A97A2423BE74002404C3 = {
						CreatedOnToolsVersion = 11.3.1;
					};
					03E4A9932423BE75002404C3 = {
						CreatedOnToolsVersion = 11.3.1;
						TestTargetID = 03E4A97A2423BE74002404C3;
					};
					03E4A99E2423BE75002404C3 = {
						CreatedOnToolsVersion = 11.3.1;
						TestTargetID = 03E4A97A2423BE74002404C3;
					};
				};
			};
			buildConfigurationList = 03E4A9762423BE74002404C3 /* Build configuration list for PBXProject "InvestImmo" */;
			compatibilityVersion = "Xcode 9.3";
			developmentRegion = en;
			hasScannedForEncodings = 0;
			knownRegions = (
				en,
				Base,
			);
			mainGroup = 03E4A9722423BE74002404C3;
			productRefGroup = 03E4A97C2423BE74002404C3 /* Products */;
			projectDirPath = "";
			projectRoot = "";
			targets = (
				03E4A97A2423BE74002404C3 /* InvestImmo */,
				03E4A9932423BE75002404C3 /* InvestImmoTests */,
				03E4A99E2423BE75002404C3 /* InvestImmoUITests */,
			);
		};
/* End PBXProject section */

/* Begin PBXResourcesBuildPhase section */
		03E4A9792423BE74002404C3 /* Resources */ = {
			isa = PBXResourcesBuildPhase;
			buildActionMask = 2147483647;
			files = (
				03E4A98E2423BE75002404C3 /* LaunchScreen.storyboard in Resources */,
				03E4A9B72423C5DE002404C3 /* PoetsenOne-Regular.ttf in Resources */,
				03E4A98B2423BE75002404C3 /* Assets.xcassets in Resources */,
				03E4A9862423BE74002404C3 /* Main.storyboard in Resources */,
			);
			runOnlyForDeploymentPostprocessing = 0;
		};
		03E4A9922423BE75002404C3 /* Resources */ = {
			isa = PBXResourcesBuildPhase;
			buildActionMask = 2147483647;
			files = (
			);
			runOnlyForDeploymentPostprocessing = 0;
		};
		03E4A99D2423BE75002404C3 /* Resources */ = {
			isa = PBXResourcesBuildPhase;
			buildActionMask = 2147483647;
			files = (
			);
			runOnlyForDeploymentPostprocessing = 0;
		};
/* End PBXResourcesBuildPhase section */

/* Begin PBXShellScriptBuildPhase section */
		624098718760AF085D2542D2 /* [CP] Embed Pods Frameworks */ = {
			isa = PBXShellScriptBuildPhase;
			buildActionMask = 2147483647;
			files = (
			);
			inputFileListPaths = (
				"${PODS_ROOT}/Target Support Files/Pods-InvestImmo/Pods-InvestImmo-frameworks-${CONFIGURATION}-input-files.xcfilelist",
			);
			name = "[CP] Embed Pods Frameworks";
			outputFileListPaths = (
				"${PODS_ROOT}/Target Support Files/Pods-InvestImmo/Pods-InvestImmo-frameworks-${CONFIGURATION}-output-files.xcfilelist",
			);
			runOnlyForDeploymentPostprocessing = 0;
			shellPath = /bin/sh;
			shellScript = "\"${PODS_ROOT}/Target Support Files/Pods-InvestImmo/Pods-InvestImmo-frameworks.sh\"\n";
			showEnvVarsInLog = 0;
		};
		69C7AB3305CF1F50E08B439F /* [CP] Check Pods Manifest.lock */ = {
			isa = PBXShellScriptBuildPhase;
			buildActionMask = 2147483647;
			files = (
			);
			inputFileListPaths = (
			);
			inputPaths = (
				"${PODS_PODFILE_DIR_PATH}/Podfile.lock",
				"${PODS_ROOT}/Manifest.lock",
			);
			name = "[CP] Check Pods Manifest.lock";
			outputFileListPaths = (
			);
			outputPaths = (
				"$(DERIVED_FILE_DIR)/Pods-InvestImmo-checkManifestLockResult.txt",
			);
			runOnlyForDeploymentPostprocessing = 0;
			shellPath = /bin/sh;
			shellScript = "diff \"${PODS_PODFILE_DIR_PATH}/Podfile.lock\" \"${PODS_ROOT}/Manifest.lock\" > /dev/null\nif [ $? != 0 ] ; then\n    # print error to STDERR\n    echo \"error: The sandbox is not in sync with the Podfile.lock. Run 'pod install' or update your CocoaPods installation.\" >&2\n    exit 1\nfi\n# This output is used by Xcode 'outputs' to avoid re-running this script phase.\necho \"SUCCESS\" > \"${SCRIPT_OUTPUT_FILE_0}\"\n";
			showEnvVarsInLog = 0;
		};
		7261AEA8D4DBDBD914E2F4B3 /* [CP] Embed Pods Frameworks */ = {
			isa = PBXShellScriptBuildPhase;
			buildActionMask = 2147483647;
			files = (
			);
			inputFileListPaths = (
				"${PODS_ROOT}/Target Support Files/Pods-InvestImmoTests/Pods-InvestImmoTests-frameworks-${CONFIGURATION}-input-files.xcfilelist",
			);
			name = "[CP] Embed Pods Frameworks";
			outputFileListPaths = (
				"${PODS_ROOT}/Target Support Files/Pods-InvestImmoTests/Pods-InvestImmoTests-frameworks-${CONFIGURATION}-output-files.xcfilelist",
			);
			runOnlyForDeploymentPostprocessing = 0;
			shellPath = /bin/sh;
			shellScript = "\"${PODS_ROOT}/Target Support Files/Pods-InvestImmoTests/Pods-InvestImmoTests-frameworks.sh\"\n";
			showEnvVarsInLog = 0;
		};
		C78912406614218B2E6ABB8E /* [CP] Check Pods Manifest.lock */ = {
			isa = PBXShellScriptBuildPhase;
			buildActionMask = 2147483647;
			files = (
			);
			inputFileListPaths = (
			);
			inputPaths = (
				"${PODS_PODFILE_DIR_PATH}/Podfile.lock",
				"${PODS_ROOT}/Manifest.lock",
			);
			name = "[CP] Check Pods Manifest.lock";
			outputFileListPaths = (
			);
			outputPaths = (
				"$(DERIVED_FILE_DIR)/Pods-InvestImmoUITests-checkManifestLockResult.txt",
			);
			runOnlyForDeploymentPostprocessing = 0;
			shellPath = /bin/sh;
			shellScript = "diff \"${PODS_PODFILE_DIR_PATH}/Podfile.lock\" \"${PODS_ROOT}/Manifest.lock\" > /dev/null\nif [ $? != 0 ] ; then\n    # print error to STDERR\n    echo \"error: The sandbox is not in sync with the Podfile.lock. Run 'pod install' or update your CocoaPods installation.\" >&2\n    exit 1\nfi\n# This output is used by Xcode 'outputs' to avoid re-running this script phase.\necho \"SUCCESS\" > \"${SCRIPT_OUTPUT_FILE_0}\"\n";
			showEnvVarsInLog = 0;
		};
		CE64E1AA5DB743AF9723FE0A /* [CP] Check Pods Manifest.lock */ = {
			isa = PBXShellScriptBuildPhase;
			buildActionMask = 2147483647;
			files = (
			);
			inputFileListPaths = (
			);
			inputPaths = (
				"${PODS_PODFILE_DIR_PATH}/Podfile.lock",
				"${PODS_ROOT}/Manifest.lock",
			);
			name = "[CP] Check Pods Manifest.lock";
			outputFileListPaths = (
			);
			outputPaths = (
				"$(DERIVED_FILE_DIR)/Pods-InvestImmoTests-checkManifestLockResult.txt",
			);
			runOnlyForDeploymentPostprocessing = 0;
			shellPath = /bin/sh;
			shellScript = "diff \"${PODS_PODFILE_DIR_PATH}/Podfile.lock\" \"${PODS_ROOT}/Manifest.lock\" > /dev/null\nif [ $? != 0 ] ; then\n    # print error to STDERR\n    echo \"error: The sandbox is not in sync with the Podfile.lock. Run 'pod install' or update your CocoaPods installation.\" >&2\n    exit 1\nfi\n# This output is used by Xcode 'outputs' to avoid re-running this script phase.\necho \"SUCCESS\" > \"${SCRIPT_OUTPUT_FILE_0}\"\n";
			showEnvVarsInLog = 0;
		};
/* End PBXShellScriptBuildPhase section */

/* Begin PBXSourcesBuildPhase section */
		03E4A9772423BE74002404C3 /* Sources */ = {
			isa = PBXSourcesBuildPhase;
			buildActionMask = 2147483647;
			files = (
				03E4A9BE24266845002404C3 /* ButtonsView.swift in Sources */,
				039AAE09243343AA009B23DC /* Simulation.swift in Sources */,
				03E4A9C0242669EC002404C3 /* TextFieldView.swift in Sources */,
				03E4A97F2423BE74002404C3 /* AppDelegate.swift in Sources */,
				03E4A9892423BE74002404C3 /* Invest_Immo.xcdatamodeld in Sources */,
				03DF51822431EB9F0040D97D /* InfoViewController.swift in Sources */,
				03A6B2A52427B778003F953E /* ResultCreditViewController.swift in Sources */,
				03A6B2A72427C332003F953E /* ResultView.swift in Sources */,
				03E4A9C824268D7D002404C3 /* RentabilityViewController.swift in Sources */,
				03A6B2A3242760D4003F953E /* Extensions.swift in Sources */,
				03A6B2AB242BB34D003F953E /* CreditCalculator.swift in Sources */,
				03DF5180242E00280040D97D /* CustomPickerView.swift in Sources */,
				03E4A9C224267129002404C3 /* ResultRentabilityViewController.swift in Sources */,
				03A6B2A9242A89CF003F953E /* RentabilityCalculator.swift in Sources */,
				0369EFDF242D067B00430EB1 /* MySimulationsViewController.swift in Sources */,
				03A6B2A124275C2B003F953E /* CreditViewController.swift in Sources */,
				03E4A9B52423C44B002404C3 /* HomeViewController.swift in Sources */,
				0369EFDD242D05EF00430EB1 /* ChecklistViewController.swift in Sources */,
				03E4A9B92423CCF1002404C3 /* SceneDelegate.swift in Sources */,
			);
			runOnlyForDeploymentPostprocessing = 0;
		};
		03E4A9902423BE75002404C3 /* Sources */ = {
			isa = PBXSourcesBuildPhase;
			buildActionMask = 2147483647;
			files = (
				03E4A9992423BE75002404C3 /* Invest_ImmoTests.swift in Sources */,
			);
			runOnlyForDeploymentPostprocessing = 0;
		};
		03E4A99B2423BE75002404C3 /* Sources */ = {
			isa = PBXSourcesBuildPhase;
			buildActionMask = 2147483647;
			files = (
				03E4A9A42423BE75002404C3 /* Invest_ImmoUITests.swift in Sources */,
			);
			runOnlyForDeploymentPostprocessing = 0;
		};
/* End PBXSourcesBuildPhase section */

/* Begin PBXTargetDependency section */
		03E4A9962423BE75002404C3 /* PBXTargetDependency */ = {
			isa = PBXTargetDependency;
			target = 03E4A97A2423BE74002404C3 /* InvestImmo */;
			targetProxy = 03E4A9952423BE75002404C3 /* PBXContainerItemProxy */;
		};
		03E4A9A12423BE75002404C3 /* PBXTargetDependency */ = {
			isa = PBXTargetDependency;
			target = 03E4A97A2423BE74002404C3 /* InvestImmo */;
			targetProxy = 03E4A9A02423BE75002404C3 /* PBXContainerItemProxy */;
		};
/* End PBXTargetDependency section */

/* Begin PBXVariantGroup section */
		03E4A9842423BE74002404C3 /* Main.storyboard */ = {
			isa = PBXVariantGroup;
			children = (
				03E4A9852423BE74002404C3 /* Base */,
			);
			name = Main.storyboard;
			sourceTree = "<group>";
		};
		03E4A98C2423BE75002404C3 /* LaunchScreen.storyboard */ = {
			isa = PBXVariantGroup;
			children = (
				03E4A98D2423BE75002404C3 /* Base */,
			);
			name = LaunchScreen.storyboard;
			sourceTree = "<group>";
		};
/* End PBXVariantGroup section */

/* Begin XCBuildConfiguration section */
		03E4A9A62423BE75002404C3 /* Debug */ = {
			isa = XCBuildConfiguration;
			buildSettings = {
				ALWAYS_SEARCH_USER_PATHS = NO;
				CLANG_ANALYZER_NONNULL = YES;
				CLANG_ANALYZER_NUMBER_OBJECT_CONVERSION = YES_AGGRESSIVE;
				CLANG_CXX_LANGUAGE_STANDARD = "gnu++14";
				CLANG_CXX_LIBRARY = "libc++";
				CLANG_ENABLE_MODULES = YES;
				CLANG_ENABLE_OBJC_ARC = YES;
				CLANG_ENABLE_OBJC_WEAK = YES;
				CLANG_WARN_BLOCK_CAPTURE_AUTORELEASING = YES;
				CLANG_WARN_BOOL_CONVERSION = YES;
				CLANG_WARN_COMMA = YES;
				CLANG_WARN_CONSTANT_CONVERSION = YES;
				CLANG_WARN_DEPRECATED_OBJC_IMPLEMENTATIONS = YES;
				CLANG_WARN_DIRECT_OBJC_ISA_USAGE = YES_ERROR;
				CLANG_WARN_DOCUMENTATION_COMMENTS = YES;
				CLANG_WARN_EMPTY_BODY = YES;
				CLANG_WARN_ENUM_CONVERSION = YES;
				CLANG_WARN_INFINITE_RECURSION = YES;
				CLANG_WARN_INT_CONVERSION = YES;
				CLANG_WARN_NON_LITERAL_NULL_CONVERSION = YES;
				CLANG_WARN_OBJC_IMPLICIT_RETAIN_SELF = YES;
				CLANG_WARN_OBJC_LITERAL_CONVERSION = YES;
				CLANG_WARN_OBJC_ROOT_CLASS = YES_ERROR;
				CLANG_WARN_RANGE_LOOP_ANALYSIS = YES;
				CLANG_WARN_STRICT_PROTOTYPES = YES;
				CLANG_WARN_SUSPICIOUS_MOVE = YES;
				CLANG_WARN_UNGUARDED_AVAILABILITY = YES_AGGRESSIVE;
				CLANG_WARN_UNREACHABLE_CODE = YES;
				CLANG_WARN__DUPLICATE_METHOD_MATCH = YES;
				COPY_PHASE_STRIP = NO;
				DEBUG_INFORMATION_FORMAT = dwarf;
				ENABLE_STRICT_OBJC_MSGSEND = YES;
				ENABLE_TESTABILITY = YES;
				GCC_C_LANGUAGE_STANDARD = gnu11;
				GCC_DYNAMIC_NO_PIC = NO;
				GCC_NO_COMMON_BLOCKS = YES;
				GCC_OPTIMIZATION_LEVEL = 0;
				GCC_PREPROCESSOR_DEFINITIONS = (
					"DEBUG=1",
					"$(inherited)",
				);
				GCC_WARN_64_TO_32_BIT_CONVERSION = YES;
				GCC_WARN_ABOUT_RETURN_TYPE = YES_ERROR;
				GCC_WARN_UNDECLARED_SELECTOR = YES;
				GCC_WARN_UNINITIALIZED_AUTOS = YES_AGGRESSIVE;
				GCC_WARN_UNUSED_FUNCTION = YES;
				GCC_WARN_UNUSED_VARIABLE = YES;
				IPHONEOS_DEPLOYMENT_TARGET = 13.2;
				MTL_ENABLE_DEBUG_INFO = INCLUDE_SOURCE;
				MTL_FAST_MATH = YES;
				ONLY_ACTIVE_ARCH = YES;
				SDKROOT = iphoneos;
				SWIFT_ACTIVE_COMPILATION_CONDITIONS = DEBUG;
				SWIFT_OPTIMIZATION_LEVEL = "-Onone";
			};
			name = Debug;
		};
		03E4A9A72423BE75002404C3 /* Release */ = {
			isa = XCBuildConfiguration;
			buildSettings = {
				ALWAYS_SEARCH_USER_PATHS = NO;
				CLANG_ANALYZER_NONNULL = YES;
				CLANG_ANALYZER_NUMBER_OBJECT_CONVERSION = YES_AGGRESSIVE;
				CLANG_CXX_LANGUAGE_STANDARD = "gnu++14";
				CLANG_CXX_LIBRARY = "libc++";
				CLANG_ENABLE_MODULES = YES;
				CLANG_ENABLE_OBJC_ARC = YES;
				CLANG_ENABLE_OBJC_WEAK = YES;
				CLANG_WARN_BLOCK_CAPTURE_AUTORELEASING = YES;
				CLANG_WARN_BOOL_CONVERSION = YES;
				CLANG_WARN_COMMA = YES;
				CLANG_WARN_CONSTANT_CONVERSION = YES;
				CLANG_WARN_DEPRECATED_OBJC_IMPLEMENTATIONS = YES;
				CLANG_WARN_DIRECT_OBJC_ISA_USAGE = YES_ERROR;
				CLANG_WARN_DOCUMENTATION_COMMENTS = YES;
				CLANG_WARN_EMPTY_BODY = YES;
				CLANG_WARN_ENUM_CONVERSION = YES;
				CLANG_WARN_INFINITE_RECURSION = YES;
				CLANG_WARN_INT_CONVERSION = YES;
				CLANG_WARN_NON_LITERAL_NULL_CONVERSION = YES;
				CLANG_WARN_OBJC_IMPLICIT_RETAIN_SELF = YES;
				CLANG_WARN_OBJC_LITERAL_CONVERSION = YES;
				CLANG_WARN_OBJC_ROOT_CLASS = YES_ERROR;
				CLANG_WARN_RANGE_LOOP_ANALYSIS = YES;
				CLANG_WARN_STRICT_PROTOTYPES = YES;
				CLANG_WARN_SUSPICIOUS_MOVE = YES;
				CLANG_WARN_UNGUARDED_AVAILABILITY = YES_AGGRESSIVE;
				CLANG_WARN_UNREACHABLE_CODE = YES;
				CLANG_WARN__DUPLICATE_METHOD_MATCH = YES;
				COPY_PHASE_STRIP = NO;
				DEBUG_INFORMATION_FORMAT = "dwarf-with-dsym";
				ENABLE_NS_ASSERTIONS = NO;
				ENABLE_STRICT_OBJC_MSGSEND = YES;
				GCC_C_LANGUAGE_STANDARD = gnu11;
				GCC_NO_COMMON_BLOCKS = YES;
				GCC_WARN_64_TO_32_BIT_CONVERSION = YES;
				GCC_WARN_ABOUT_RETURN_TYPE = YES_ERROR;
				GCC_WARN_UNDECLARED_SELECTOR = YES;
				GCC_WARN_UNINITIALIZED_AUTOS = YES_AGGRESSIVE;
				GCC_WARN_UNUSED_FUNCTION = YES;
				GCC_WARN_UNUSED_VARIABLE = YES;
				IPHONEOS_DEPLOYMENT_TARGET = 13.2;
				MTL_ENABLE_DEBUG_INFO = NO;
				MTL_FAST_MATH = YES;
				SDKROOT = iphoneos;
				SWIFT_COMPILATION_MODE = wholemodule;
				SWIFT_OPTIMIZATION_LEVEL = "-O";
				VALIDATE_PRODUCT = YES;
			};
			name = Release;
		};
		03E4A9A92423BE75002404C3 /* Debug */ = {
			isa = XCBuildConfiguration;
			baseConfigurationReference = C084EDC8FF271FCCA2F42A44 /* Pods-InvestImmo.debug.xcconfig */;
			buildSettings = {
				ASSETCATALOG_COMPILER_APPICON_NAME = AppIcon;
				CODE_SIGN_STYLE = Automatic;
				DEVELOPMENT_TEAM = CRUKPX9CKJ;
				INFOPLIST_FILE = InvestImmo/Info.plist;
				IPHONEOS_DEPLOYMENT_TARGET = 10.0;
				LD_RUNPATH_SEARCH_PATHS = (
					"$(inherited)",
					"@executable_path/Frameworks",
				);
				PRODUCT_BUNDLE_IDENTIFIER = fr.NicolasLion.InvestImmo;
				PRODUCT_NAME = "$(TARGET_NAME)";
				SWIFT_VERSION = 5.0;
				TARGETED_DEVICE_FAMILY = 1;
			};
			name = Debug;
		};
		03E4A9AA2423BE75002404C3 /* Release */ = {
			isa = XCBuildConfiguration;
			baseConfigurationReference = 0D1A41523D8D95D1BE83DAC4 /* Pods-InvestImmo.release.xcconfig */;
			buildSettings = {
				ASSETCATALOG_COMPILER_APPICON_NAME = AppIcon;
				CODE_SIGN_STYLE = Automatic;
				DEVELOPMENT_TEAM = CRUKPX9CKJ;
				INFOPLIST_FILE = InvestImmo/Info.plist;
				IPHONEOS_DEPLOYMENT_TARGET = 10.0;
				LD_RUNPATH_SEARCH_PATHS = (
					"$(inherited)",
					"@executable_path/Frameworks",
				);
				PRODUCT_BUNDLE_IDENTIFIER = fr.NicolasLion.InvestImmo;
				PRODUCT_NAME = "$(TARGET_NAME)";
				SWIFT_VERSION = 5.0;
				TARGETED_DEVICE_FAMILY = 1;
			};
			name = Release;
		};
		03E4A9AC2423BE75002404C3 /* Debug */ = {
			isa = XCBuildConfiguration;
			baseConfigurationReference = 55F8B1D3379E1D55E2D0F299 /* Pods-InvestImmoTests.debug.xcconfig */;
			buildSettings = {
				ALWAYS_EMBED_SWIFT_STANDARD_LIBRARIES = YES;
				BUNDLE_LOADER = "$(TEST_HOST)";
				CODE_SIGN_STYLE = Automatic;
				DEVELOPMENT_TEAM = CRUKPX9CKJ;
				INFOPLIST_FILE = "Invest'ImmoTests/Info.plist";
				IPHONEOS_DEPLOYMENT_TARGET = 13.2;
				LD_RUNPATH_SEARCH_PATHS = (
					"$(inherited)",
					"@executable_path/Frameworks",
					"@loader_path/Frameworks",
				);
				PRODUCT_BUNDLE_IDENTIFIER = "fr.NicolasLion.Invest-ImmoTests";
				PRODUCT_NAME = "$(TARGET_NAME)";
				SWIFT_VERSION = 5.0;
				TARGETED_DEVICE_FAMILY = "1,2";
				TEST_HOST = "$(BUILT_PRODUCTS_DIR)/InvestImmo.app/InvestImmo";
			};
			name = Debug;
		};
		03E4A9AD2423BE75002404C3 /* Release */ = {
			isa = XCBuildConfiguration;
			baseConfigurationReference = FBE8190BD05C4D60FAC78226 /* Pods-InvestImmoTests.release.xcconfig */;
			buildSettings = {
				ALWAYS_EMBED_SWIFT_STANDARD_LIBRARIES = YES;
				BUNDLE_LOADER = "$(TEST_HOST)";
				CODE_SIGN_STYLE = Automatic;
				DEVELOPMENT_TEAM = CRUKPX9CKJ;
				INFOPLIST_FILE = "Invest'ImmoTests/Info.plist";
				IPHONEOS_DEPLOYMENT_TARGET = 13.2;
				LD_RUNPATH_SEARCH_PATHS = (
					"$(inherited)",
					"@executable_path/Frameworks",
					"@loader_path/Frameworks",
				);
				PRODUCT_BUNDLE_IDENTIFIER = "fr.NicolasLion.Invest-ImmoTests";
				PRODUCT_NAME = "$(TARGET_NAME)";
				SWIFT_VERSION = 5.0;
				TARGETED_DEVICE_FAMILY = "1,2";
				TEST_HOST = "$(BUILT_PRODUCTS_DIR)/InvestImmo.app/InvestImmo";
			};
			name = Release;
		};
		03E4A9AF2423BE75002404C3 /* Debug */ = {
			isa = XCBuildConfiguration;
			baseConfigurationReference = 503548EB8B2C0F5B7578AD61 /* Pods-InvestImmoUITests.debug.xcconfig */;
			buildSettings = {
				ALWAYS_EMBED_SWIFT_STANDARD_LIBRARIES = YES;
				CODE_SIGN_STYLE = Automatic;
				DEVELOPMENT_TEAM = CRUKPX9CKJ;
				INFOPLIST_FILE = "Invest'ImmoUITests/Info.plist";
				LD_RUNPATH_SEARCH_PATHS = (
					"$(inherited)",
					"@executable_path/Frameworks",
					"@loader_path/Frameworks",
				);
				PRODUCT_BUNDLE_IDENTIFIER = "fr.NicolasLion.Invest-ImmoUITests";
				PRODUCT_NAME = "$(TARGET_NAME)";
				SWIFT_VERSION = 5.0;
				TARGETED_DEVICE_FAMILY = "1,2";
				TEST_TARGET_NAME = "Invest'Immo";
			};
			name = Debug;
		};
		03E4A9B02423BE75002404C3 /* Release */ = {
			isa = XCBuildConfiguration;
			baseConfigurationReference = C21660D9AA564C6860A90E32 /* Pods-InvestImmoUITests.release.xcconfig */;
			buildSettings = {
				ALWAYS_EMBED_SWIFT_STANDARD_LIBRARIES = YES;
				CODE_SIGN_STYLE = Automatic;
				DEVELOPMENT_TEAM = CRUKPX9CKJ;
				INFOPLIST_FILE = "Invest'ImmoUITests/Info.plist";
				LD_RUNPATH_SEARCH_PATHS = (
					"$(inherited)",
					"@executable_path/Frameworks",
					"@loader_path/Frameworks",
				);
				PRODUCT_BUNDLE_IDENTIFIER = "fr.NicolasLion.Invest-ImmoUITests";
				PRODUCT_NAME = "$(TARGET_NAME)";
				SWIFT_VERSION = 5.0;
				TARGETED_DEVICE_FAMILY = "1,2";
				TEST_TARGET_NAME = "Invest'Immo";
			};
			name = Release;
		};
/* End XCBuildConfiguration section */

/* Begin XCConfigurationList section */
		03E4A9762423BE74002404C3 /* Build configuration list for PBXProject "InvestImmo" */ = {
			isa = XCConfigurationList;
			buildConfigurations = (
				03E4A9A62423BE75002404C3 /* Debug */,
				03E4A9A72423BE75002404C3 /* Release */,
			);
			defaultConfigurationIsVisible = 0;
			defaultConfigurationName = Release;
		};
		03E4A9A82423BE75002404C3 /* Build configuration list for PBXNativeTarget "InvestImmo" */ = {
			isa = XCConfigurationList;
			buildConfigurations = (
				03E4A9A92423BE75002404C3 /* Debug */,
				03E4A9AA2423BE75002404C3 /* Release */,
			);
			defaultConfigurationIsVisible = 0;
			defaultConfigurationName = Release;
		};
		03E4A9AB2423BE75002404C3 /* Build configuration list for PBXNativeTarget "InvestImmoTests" */ = {
			isa = XCConfigurationList;
			buildConfigurations = (
				03E4A9AC2423BE75002404C3 /* Debug */,
				03E4A9AD2423BE75002404C3 /* Release */,
			);
			defaultConfigurationIsVisible = 0;
			defaultConfigurationName = Release;
		};
		03E4A9AE2423BE75002404C3 /* Build configuration list for PBXNativeTarget "InvestImmoUITests" */ = {
			isa = XCConfigurationList;
			buildConfigurations = (
				03E4A9AF2423BE75002404C3 /* Debug */,
				03E4A9B02423BE75002404C3 /* Release */,
			);
			defaultConfigurationIsVisible = 0;
			defaultConfigurationName = Release;
		};
/* End XCConfigurationList section */

/* Begin XCVersionGroup section */
		03E4A9872423BE74002404C3 /* Invest_Immo.xcdatamodeld */ = {
			isa = XCVersionGroup;
			children = (
				03E4A9882423BE74002404C3 /* Invest_Immo.xcdatamodel */,
			);
			currentVersion = 03E4A9882423BE74002404C3 /* Invest_Immo.xcdatamodel */;
			path = Invest_Immo.xcdatamodeld;
			sourceTree = "<group>";
			versionGroupType = wrapper.xcdatamodel;
		};
/* End XCVersionGroup section */
	};
	rootObject = 03E4A9732423BE74002404C3 /* Project object */;
}
